PODS:
  - Alamofire (5.6.2)
  - KakaoSDKAuth (2.11.2):
    - KakaoSDKCommon (= 2.11.2)
  - KakaoSDKCommon (2.11.2):
    - KakaoSDKCommon/Common (= 2.11.2)
    - KakaoSDKCommon/Network (= 2.11.2)
  - KakaoSDKCommon/Common (2.11.2)
  - KakaoSDKCommon/Network (2.11.2):
    - Alamofire (~> 5.1)
    - KakaoSDKCommon/Common (= 2.11.2)
  - KakaoSDKUser (2.11.2):
    - KakaoSDKAuth (= 2.11.2)
  - SnapKit (5.6.0)
  - SwiftyJSON (5.0.1)
  - Then (3.0.0)

DEPENDENCIES:
  - Alamofire
  - KakaoSDKAuth
  - KakaoSDKCommon
  - KakaoSDKUser
  - SnapKit (~> 5.6.0)
  - SwiftyJSON
  - Then

SPEC REPOS:
  trunk:
    - Alamofire
    - KakaoSDKAuth
    - KakaoSDKCommon
    - KakaoSDKUser
    - SnapKit
    - SwiftyJSON
    - Then

SPEC CHECKSUMS:
  Alamofire: d368e1ff8a298e6dde360e35a3e68e6c610e7204
  KakaoSDKAuth: 98f90fb67b2c2015cc94066a4489d54bb2f2a68e
  KakaoSDKCommon: 83fef177bcad9a8f9cb728f92e04a464882d3a82
  KakaoSDKUser: bf7b02e23257199995cdd03d59feb716416d14d6
  SnapKit: e01d52ebb8ddbc333eefe2132acf85c8227d9c25
  SwiftyJSON: 2f33a42c6fbc52764d96f13368585094bfd8aa5e
  Then: 844265ae87834bbe1147d91d5d41a404da2ec27d

PODFILE CHECKSUM: bb49844c96aea7c23b106ed5423588cf4be4f2ad

COCOAPODS: 1.11.3
